
Microsoft Visual Studio Solution File, Format Version 12.00
# Visual Studio Version 16
VisualStudioVersion = 16.0.29806.167
MinimumVisualStudioVersion = 10.0.40219.1
Project("{9A19103F-16F7-4668-BE54-9A1E7A4F7556}") = "Batch4", "Batch4\Batch4.csproj", "{978DABB3-2AE4-402C-9FF2-B52AA734C7E7}"
EndProject
Project("{9A19103F-16F7-4668-BE54-9A1E7A4F7556}") = "ConsoleApp15", "ConsoleApp15\ConsoleApp15.csproj", "{582139C1-CF37-48D1-A39C-55AFE52DECE5}"
EndProject
Project("{9A19103F-16F7-4668-BE54-9A1E7A4F7556}") = "Calc", "Calc\Calc.csproj", "{41924CC7-8ED1-4A24-9508-699914826FE4}"
EndProject
Project("{9A19103F-16F7-4668-BE54-9A1E7A4F7556}") = "DAY2", "DAY2\DAY2.csproj", "{0145FC29-7408-4738-82CF-315DBD3DB4DB}"
EndProject
Project("{FAE04EC0-301F-11D3-BF4B-00C04F79EFBC}") = "First", "First\First.csproj", "{4D137B59-C522-4D03-91FC-147CDDF6D0A5}"
EndProject
Global
	GlobalSection(SolutionConfigurationPlatforms) = preSolution
		Debug|Any CPU = Debug|Any CPU
		Release|Any CPU = Release|Any CPU
	EndGlobalSection
	GlobalSection(ProjectConfigurationPlatforms) = postSolution
		{978DABB3-2AE4-402C-9FF2-B52AA734C7E7}.Debug|Any CPU.ActiveCfg = Debug|Any CPU
		{978DABB3-2AE4-402C-9FF2-B52AA734C7E7}.Debug|Any CPU.Build.0 = Debug|Any CPU
		{978DABB3-2AE4-402C-9FF2-B52AA734C7E7}.Release|Any CPU.ActiveCfg = Release|Any CPU
		{978DABB3-2AE4-402C-9FF2-B52AA734C7E7}.Release|Any CPU.Build.0 = Release|Any CPU
		{582139C1-CF37-48D1-A39C-55AFE52DECE5}.Debug|Any CPU.ActiveCfg = Debug|Any CPU
		{582139C1-CF37-48D1-A39C-55AFE52DECE5}.Debug|Any CPU.Build.0 = Debug|Any CPU
		{582139C1-CF37-48D1-A39C-55AFE52DECE5}.Release|Any CPU.ActiveCfg = Release|Any CPU
		{582139C1-CF37-48D1-A39C-55AFE52DECE5}.Release|Any CPU.Build.0 = Release|Any CPU
		{41924CC7-8ED1-4A24-9508-699914826FE4}.Debug|Any CPU.ActiveCfg = Debug|Any CPU
		{41924CC7-8ED1-4A24-9508-699914826FE4}.Debug|Any CPU.Build.0 = Debug|Any CPU
		{41924CC7-8ED1-4A24-9508-699914826FE4}.Release|Any CPU.ActiveCfg = Release|Any CPU
		{41924CC7-8ED1-4A24-9508-699914826FE4}.Release|Any CPU.Build.0 = Release|Any CPU
		{0145FC29-7408-4738-82CF-315DBD3DB4DB}.Debug|Any CPU.ActiveCfg = Debug|Any CPU
		{0145FC29-7408-4738-82CF-315DBD3DB4DB}.Debug|Any CPU.Build.0 = Debug|Any CPU
		{0145FC29-7408-4738-82CF-315DBD3DB4DB}.Release|Any CPU.ActiveCfg = Release|Any CPU
		{0145FC29-7408-4738-82CF-315DBD3DB4DB}.Release|Any CPU.Build.0 = Release|Any CPU
		{4D137B59-C522-4D03-91FC-147CDDF6D0A5}.Debug|Any CPU.ActiveCfg = Debug|Any CPU
		{4D137B59-C522-4D03-91FC-147CDDF6D0A5}.Debug|Any CPU.Build.0 = Debug|Any CPU
		{4D137B59-C522-4D03-91FC-147CDDF6D0A5}.Release|Any CPU.ActiveCfg = Release|Any CPU
		{4D137B59-C522-4D03-91FC-147CDDF6D0A5}.Release|Any CPU.Build.0 = Release|Any CPU
	EndGlobalSection
	GlobalSection(SolutionProperties) = preSolution
		HideSolutionNode = FALSE
	EndGlobalSection
	GlobalSection(ExtensibilityGlobals) = postSolution
		SolutionGuid = {9FDDE9B5-02A6-4DCE-A29A-F0A84CC2228B}
	EndGlobalSection
EndGlobal
